{
    "_readme": [
        "This file locks the dependencies of your project to a known state",
        "Read more about it at http://getcomposer.org/doc/01-basic-usage.md#composer-lock-the-lock-file",
        "This file is @generated automatically"
    ],
    "hash": "dd1ced663c1b6a6aab904595b5f3d2c6",
    "packages": [
        {
            "name": "cakedc/migrations",
            "version": "2.3.5",
            "source": {
                "type": "git",
                "url": "https://github.com/CakeDC/migrations.git",
                "reference": "0d62dda64f4386fb29e68e3ba4d022aa90252aee"
            },
            "dist": {
                "type": "zip",
                "url": "https://api.github.com/repos/CakeDC/migrations/zipball/0d62dda64f4386fb29e68e3ba4d022aa90252aee",
                "reference": "0d62dda64f4386fb29e68e3ba4d022aa90252aee",
                "shasum": ""
            },
            "require": {
                "composer/installers": "*",
                "php": ">=5.2.8"
            },
            "type": "cakephp-plugin",
            "notification-url": "https://packagist.org/downloads/",
            "license": [
                "MIT"
            ],
            "authors": [
                {
                    "name": "Cake Development Corporation",
                    "email": "team@cakedc.com",
                    "homepage": "http://cakedc.com"
                }
            ],
            "description": "Migrations Plugin for CakePHP",
            "homepage": "http://cakedc.com",
            "keywords": [
                "cakephp",
                "migrations"
            ],
            "time": "2014-10-18 08:52:31"
        },
        {
            "name": "cakedc/search",
            "version": "2.5.1",
            "source": {
                "type": "git",
                "url": "https://github.com/CakeDC/search.git",
                "reference": "67632a54d69e840970fa64c31eb79936c59e5226"
            },
            "dist": {
                "type": "zip",
                "url": "https://api.github.com/repos/CakeDC/search/zipball/67632a54d69e840970fa64c31eb79936c59e5226",
                "reference": "67632a54d69e840970fa64c31eb79936c59e5226",
                "shasum": ""
            },
            "require": {
                "composer/installers": "*",
                "php": ">=5.3.0"
            },
            "type": "cakephp-plugin",
            "extra": {
                "installer-name": "Search"
            },
            "notification-url": "https://packagist.org/downloads/",
            "license": [
                "MIT"
            ],
            "authors": [
                {
                    "name": "Cake Development Corporation",
                    "email": "team@cakedc.com",
                    "homepage": "http://cakedc.com"
                }
            ],
            "description": "Search Plugin for CakePHP",
            "homepage": "http://github.com/CakeDC/search",
            "keywords": [
                "cakephp",
                "filter",
                "post-redirect-get",
                "prg",
                "search"
            ],
            "time": "2014-08-07 18:13:40"
        },
        {
            "name": "composer/installers",
            "version": "v1.0.18",
            "source": {
                "type": "git",
                "url": "https://github.com/composer/installers.git",
                "reference": "74fb0a7a1a23696d9c8cc2fba5903f6711cdd067"
            },
            "dist": {
                "type": "zip",
                "url": "https://api.github.com/repos/composer/installers/zipball/74fb0a7a1a23696d9c8cc2fba5903f6711cdd067",
                "reference": "74fb0a7a1a23696d9c8cc2fba5903f6711cdd067",
                "shasum": ""
            },
            "replace": {
                "roundcube/plugin-installer": "*",
                "shama/baton": "*"
            },
            "require-dev": {
                "composer/composer": "1.0.*@dev",
                "phpunit/phpunit": "4.1.*"
            },
            "type": "composer-installer",
            "extra": {
                "class": "Composer\\Installers\\Installer",
                "branch-alias": {
                    "dev-master": "1.0-dev"
                }
            },
            "autoload": {
                "psr-0": {
                    "Composer\\Installers\\": "src/"
                }
            },
            "notification-url": "https://packagist.org/downloads/",
            "license": [
                "MIT"
            ],
            "authors": [
                {
                    "name": "Kyle Robinson Young",
                    "email": "kyle@dontkry.com",
                    "homepage": "https://github.com/shama"
                }
            ],
            "description": "A multi-framework Composer library installer",
            "homepage": "http://composer.github.com/installers/",
            "keywords": [
                "Craft",
                "Dolibarr",
                "Hurad",
                "MODX Evo",
                "OXID",
                "WolfCMS",
                "agl",
                "annotatecms",
                "bitrix",
                "cakephp",
                "chef",
                "codeigniter",
                "concrete5",
                "croogo",
                "drupal",
                "elgg",
                "fuelphp",
                "installer",
                "joomla",
                "kohana",
                "laravel",
                "lithium",
                "magento",
                "mako",
                "mediawiki",
                "modulework",
                "moodle",
                "phpbb",
                "piwik",
                "ppi",
                "puppet",
                "roundcube",
                "shopware",
                "silverstripe",
                "symfony",
                "typo3",
                "wordpress",
                "zend",
                "zikula"
            ],
            "time": "2014-08-18 20:00:12"
        },
        {
            "name": "croogo/ckeditor",
            "version": "2.0.3",
            "source": {
                "type": "git",
                "url": "https://github.com/croogo/Ckeditor.git",
                "reference": "67f86bc7d5abaf9e87991dd8a9892444826941ff"
            },
            "dist": {
                "type": "zip",
                "url": "https://api.github.com/repos/croogo/Ckeditor/zipball/67f86bc7d5abaf9e87991dd8a9892444826941ff",
                "reference": "67f86bc7d5abaf9e87991dd8a9892444826941ff",
                "shasum": ""
            },
            "require": {
                "composer/installers": "~1.0",
                "croogo/croogo": "~2.0",
                "php": ">=5.3.0"
            },
            "type": "cakephp-plugin",
            "notification-url": "https://packagist.org/downloads/",
            "license": [
                "MIT"
            ],
            "authors": [
                {
                    "name": "Rachman Chavik",
                    "email": "contact@xintesa.com",
                    "homepage": "http://xintesa.com"
                },
                {
                    "name": "Fahad Ibnay Heylall",
                    "email": "contact@fahad19.com",
                    "homepage": "http://fahad19.com"
                }
            ],
            "description": "Integrate Ckeditor with Croogo",
            "homepage": "http://github.com/croogo/Ckeditor",
            "time": "2014-10-16 06:21:58"
        }
    ],
    "packages-dev": [

    ],
    "aliases": [

    ],
    "minimum-stability": "stable",
    "stability-flags": [

    ],
    "prefer-stable": false,
    "platform": {
        "php": ">=5.3.0"
    },
    "platform-dev": [

    ]
}
